
Microsoft Visual Studio Solution File, Format Version 12.00
# Visual Studio Version 17
VisualStudioVersion = 17.1.32228.430
MinimumVisualStudioVersion = 10.0.40219.1
Project("{FAE04EC0-301F-11D3-BF4B-00C04F79EFBC}") = "Listas", "Listas\Listas.csproj", "{D8F48621-150F-4E0A-A132-D929334CE6F5}"
EndProject
Global
	GlobalSection(SolutionConfigurationPlatforms) = preSolution
		Debug|Any CPU = Debug|Any CPU
		Release|Any CPU = Release|Any CPU
	EndGlobalSection
	GlobalSection(ProjectConfigurationPlatforms) = postSolution
		{D8F48621-150F-4E0A-A132-D929334CE6F5}.Debug|Any CPU.ActiveCfg = Debug|Any CPU
		{D8F48621-150F-4E0A-A132-D929334CE6F5}.Debug|Any CPU.Build.0 = Debug|Any CPU
		{D8F48621-150F-4E0A-A132-D929334CE6F5}.Release|Any CPU.ActiveCfg = Release|Any CPU
		{D8F48621-150F-4E0A-A132-D929334CE6F5}.Release|Any CPU.Build.0 = Release|Any CPU
	EndGlobalSection
	GlobalSection(SolutionProperties) = preSolution
		HideSolutionNode = FALSE
	EndGlobalSection
	GlobalSection(ExtensibilityGlobals) = postSolution
		SolutionGuid = {1EE8195F-679D-4BF2-B53B-9D1A337738DB}
	EndGlobalSection
EndGlobal
